
Microsoft Visual Studio Solution File, Format Version 12.00
# Visual Studio Version 16
VisualStudioVersion = 16.0.30804.86
MinimumVisualStudioVersion = 10.0.40219.1
Project("{FAE04EC0-301F-11D3-BF4B-00C04F79EFBC}") = "SampleApp", "SampleApp\SampleApp.csproj", "{A013870E-4C79-4113-B7B2-12A2A864C2D7}"
EndProject
Project("{FAE04EC0-301F-11D3-BF4B-00C04F79EFBC}") = "Intrinio.Realtime", "Intrinio.Realtime\Intrinio.Realtime.csproj", "{B639A9AC-4A1C-4C80-8710-8CC5753918D9}"
EndProject
Global
	GlobalSection(SolutionConfigurationPlatforms) = preSolution
		Debug|Any CPU = Debug|Any CPU
		Release|Any CPU = Release|Any CPU
	EndGlobalSection
	GlobalSection(ProjectConfigurationPlatforms) = postSolution
		{A013870E-4C79-4113-B7B2-12A2A864C2D7}.Debug|Any CPU.ActiveCfg = Debug|Any CPU
		{A013870E-4C79-4113-B7B2-12A2A864C2D7}.Debug|Any CPU.Build.0 = Debug|Any CPU
		{A013870E-4C79-4113-B7B2-12A2A864C2D7}.Release|Any CPU.ActiveCfg = Release|Any CPU
		{A013870E-4C79-4113-B7B2-12A2A864C2D7}.Release|Any CPU.Build.0 = Release|Any CPU
		{B639A9AC-4A1C-4C80-8710-8CC5753918D9}.Debug|Any CPU.ActiveCfg = Debug|Any CPU
		{B639A9AC-4A1C-4C80-8710-8CC5753918D9}.Debug|Any CPU.Build.0 = Debug|Any CPU
		{B639A9AC-4A1C-4C80-8710-8CC5753918D9}.Release|Any CPU.ActiveCfg = Release|Any CPU
		{B639A9AC-4A1C-4C80-8710-8CC5753918D9}.Release|Any CPU.Build.0 = Release|Any CPU
	EndGlobalSection
	GlobalSection(SolutionProperties) = preSolution
		HideSolutionNode = FALSE
	EndGlobalSection
	GlobalSection(ExtensibilityGlobals) = postSolution
		SolutionGuid = {D95CE8CB-DCF3-4ED9-B3B3-865BA05DC054}
	EndGlobalSection
EndGlobal
